
Microsoft Visual Studio Solution File, Format Version 12.00
# Visual Studio 15
VisualStudioVersion = 15.0.26730.12
MinimumVisualStudioVersion = 10.0.40219.1
Project("{FAE04EC0-301F-11D3-BF4B-00C04F79EFBC}") = "livraria", "livraria\livraria.csproj", "{344BAD9E-F32C-464C-A65C-CBC026FAF208}"
EndProject
Global
	GlobalSection(SolutionConfigurationPlatforms) = preSolution
		Debug|Any CPU = Debug|Any CPU
		Release|Any CPU = Release|Any CPU
	EndGlobalSection
	GlobalSection(ProjectConfigurationPlatforms) = postSolution
		{344BAD9E-F32C-464C-A65C-CBC026FAF208}.Debug|Any CPU.ActiveCfg = Debug|Any CPU
		{344BAD9E-F32C-464C-A65C-CBC026FAF208}.Debug|Any CPU.Build.0 = Debug|Any CPU
		{344BAD9E-F32C-464C-A65C-CBC026FAF208}.Release|Any CPU.ActiveCfg = Release|Any CPU
		{344BAD9E-F32C-464C-A65C-CBC026FAF208}.Release|Any CPU.Build.0 = Release|Any CPU
	EndGlobalSection
	GlobalSection(SolutionProperties) = preSolution
		HideSolutionNode = FALSE
	EndGlobalSection
	GlobalSection(ExtensibilityGlobals) = postSolution
		SolutionGuid = {C89A714C-5251-4A9C-B553-2963817E88D9}
	EndGlobalSection
EndGlobal
