
Microsoft Visual Studio Solution File, Format Version 12.00
# Visual Studio 15
VisualStudioVersion = 15.0.26730.16
MinimumVisualStudioVersion = 10.0.40219.1
Project("{FAE04EC0-301F-11D3-BF4B-00C04F79EFBC}") = "livraria", "livraria\livraria.csproj", "{344BAD9E-F32C-464C-A65C-CBC026FAF208}"
EndProject
Project("{FAE04EC0-301F-11D3-BF4B-00C04F79EFBC}") = "Dominio", "Dominio\Dominio.csproj", "{16BF380A-26A3-4586-8226-3480150D305D}"
EndProject
Project("{FAE04EC0-301F-11D3-BF4B-00C04F79EFBC}") = "Core", "Core\Core.csproj", "{EE9C1838-AAB3-4610-A63F-EFF4D302F514}"
EndProject
Global
	GlobalSection(SolutionConfigurationPlatforms) = preSolution
		Debug|Any CPU = Debug|Any CPU
		Debug|x64 = Debug|x64
		Release|Any CPU = Release|Any CPU
		Release|x64 = Release|x64
	EndGlobalSection
	GlobalSection(ProjectConfigurationPlatforms) = postSolution
		{344BAD9E-F32C-464C-A65C-CBC026FAF208}.Debug|Any CPU.ActiveCfg = Debug|Any CPU
		{344BAD9E-F32C-464C-A65C-CBC026FAF208}.Debug|Any CPU.Build.0 = Debug|Any CPU
		{344BAD9E-F32C-464C-A65C-CBC026FAF208}.Debug|x64.ActiveCfg = Debug|x64
		{344BAD9E-F32C-464C-A65C-CBC026FAF208}.Debug|x64.Build.0 = Debug|x64
		{344BAD9E-F32C-464C-A65C-CBC026FAF208}.Release|Any CPU.ActiveCfg = Release|Any CPU
		{344BAD9E-F32C-464C-A65C-CBC026FAF208}.Release|Any CPU.Build.0 = Release|Any CPU
		{344BAD9E-F32C-464C-A65C-CBC026FAF208}.Release|x64.ActiveCfg = Release|x64
		{344BAD9E-F32C-464C-A65C-CBC026FAF208}.Release|x64.Build.0 = Release|x64
		{16BF380A-26A3-4586-8226-3480150D305D}.Debug|Any CPU.ActiveCfg = Debug|Any CPU
		{16BF380A-26A3-4586-8226-3480150D305D}.Debug|Any CPU.Build.0 = Debug|Any CPU
		{16BF380A-26A3-4586-8226-3480150D305D}.Debug|x64.ActiveCfg = Debug|x64
		{16BF380A-26A3-4586-8226-3480150D305D}.Debug|x64.Build.0 = Debug|x64
		{16BF380A-26A3-4586-8226-3480150D305D}.Release|Any CPU.ActiveCfg = Release|Any CPU
		{16BF380A-26A3-4586-8226-3480150D305D}.Release|Any CPU.Build.0 = Release|Any CPU
		{16BF380A-26A3-4586-8226-3480150D305D}.Release|x64.ActiveCfg = Release|x64
		{16BF380A-26A3-4586-8226-3480150D305D}.Release|x64.Build.0 = Release|x64
		{EE9C1838-AAB3-4610-A63F-EFF4D302F514}.Debug|Any CPU.ActiveCfg = Debug|Any CPU
		{EE9C1838-AAB3-4610-A63F-EFF4D302F514}.Debug|Any CPU.Build.0 = Debug|Any CPU
		{EE9C1838-AAB3-4610-A63F-EFF4D302F514}.Debug|x64.ActiveCfg = Debug|x64
		{EE9C1838-AAB3-4610-A63F-EFF4D302F514}.Debug|x64.Build.0 = Debug|x64
		{EE9C1838-AAB3-4610-A63F-EFF4D302F514}.Release|Any CPU.ActiveCfg = Release|Any CPU
		{EE9C1838-AAB3-4610-A63F-EFF4D302F514}.Release|Any CPU.Build.0 = Release|Any CPU
		{EE9C1838-AAB3-4610-A63F-EFF4D302F514}.Release|x64.ActiveCfg = Release|x64
		{EE9C1838-AAB3-4610-A63F-EFF4D302F514}.Release|x64.Build.0 = Release|x64
	EndGlobalSection
	GlobalSection(SolutionProperties) = preSolution
		HideSolutionNode = FALSE
	EndGlobalSection
	GlobalSection(ExtensibilityGlobals) = postSolution
		SolutionGuid = {C89A714C-5251-4A9C-B553-2963817E88D9}
	EndGlobalSection
EndGlobal
